// !$*UTF8*$!
{
	archiveVersion = 1;
	classes = {
	};
	objectVersion = 55;
	objects = {

/* Begin PBXBuildFile section */
		3E120DC527E8C55C00AE4D53 /* GameDataModel.swift in Sources */ = {isa = PBXBuildFile; fileRef = 3E120DC427E8C55C00AE4D53 /* GameDataModel.swift */; };
		3E120DC827E8C58D00AE4D53 /* Guess.swift in Sources */ = {isa = PBXBuildFile; fileRef = 3E120DC727E8C58D00AE4D53 /* Guess.swift */; };
		3E120DCD27E8C63000AE4D53 /* Color.swift in Sources */ = {isa = PBXBuildFile; fileRef = 3E120DCC27E8C63000AE4D53 /* Color.swift */; };
		3E120DCF27E8C77700AE4D53 /* Assets.xcassets in Resources */ = {isa = PBXBuildFile; fileRef = 3E120DCE27E8C77700AE4D53 /* Assets.xcassets */; };
		3E120DD127E8CDA800AE4D53 /* GuessView.swift in Sources */ = {isa = PBXBuildFile; fileRef = 3E120DD027E8CDA800AE4D53 /* GuessView.swift */; };
		3E9BF1C327E8C01500EB4257 /* InputView.swift in Sources */ = {isa = PBXBuildFile; fileRef = 3E9BF1C227E8C01500EB4257 /* InputView.swift */; };
		3E9BF1CA27E8C1FE00EB4257 /* RowView.swift in Sources */ = {isa = PBXBuildFile; fileRef = 3E9BF1C927E8C1FE00EB4257 /* RowView.swift */; };
		3ECF3AFE27E8D5840065F3DA /* FeedbackView.swift in Sources */ = {isa = PBXBuildFile; fileRef = 3ECF3AFD27E8D5840065F3DA /* FeedbackView.swift */; };
		3EDA3CAB27E3B69000799E58 /* Mastermind.swift in Sources */ = {isa = PBXBuildFile; fileRef = 3EDA3CAA27E3B69000799E58 /* Mastermind.swift */; };
		3EDA3CAD27E3B69000799E58 /* GameView.swift in Sources */ = {isa = PBXBuildFile; fileRef = 3EDA3CAC27E3B69000799E58 /* GameView.swift */; };
		3EDA3CB227E3B69100799E58 /* Preview Assets.xcassets in Resources */ = {isa = PBXBuildFile; fileRef = 3EDA3CB127E3B69100799E58 /* Preview Assets.xcassets */; };
/* End PBXBuildFile section */

/* Begin PBXFileReference section */
		3E120DC427E8C55C00AE4D53 /* GameDataModel.swift */ = {isa = PBXFileReference; lastKnownFileType = sourcecode.swift; path = GameDataModel.swift; sourceTree = "<group>"; };
		3E120DC727E8C58D00AE4D53 /* Guess.swift */ = {isa = PBXFileReference; lastKnownFileType = sourcecode.swift; path = Guess.swift; sourceTree = "<group>"; };
		3E120DCC27E8C63000AE4D53 /* Color.swift */ = {isa = PBXFileReference; lastKnownFileType = sourcecode.swift; path = Color.swift; sourceTree = "<group>"; };
		3E120DCE27E8C77700AE4D53 /* Assets.xcassets */ = {isa = PBXFileReference; lastKnownFileType = folder.assetcatalog; name = Assets.xcassets; path = ../../Mastermind/Mastermind/Assets.xcassets; sourceTree = "<group>"; };
		3E120DD027E8CDA800AE4D53 /* GuessView.swift */ = {isa = PBXFileReference; lastKnownFileType = sourcecode.swift; path = GuessView.swift; sourceTree = "<group>"; };
		3E1B607F27E8299C00C4AEE7 /* Mastermind SwiftUI.entitlements */ = {isa = PBXFileReference; lastKnownFileType = text.plist.entitlements; path = "Mastermind SwiftUI.entitlements"; sourceTree = "<group>"; };
		3E9BF1C227E8C01500EB4257 /* InputView.swift */ = {isa = PBXFileReference; lastKnownFileType = sourcecode.swift; path = InputView.swift; sourceTree = "<group>"; };
		3E9BF1C927E8C1FE00EB4257 /* RowView.swift */ = {isa = PBXFileReference; lastKnownFileType = sourcecode.swift; path = RowView.swift; sourceTree = "<group>"; };
		3ECF3AFD27E8D5840065F3DA /* FeedbackView.swift */ = {isa = PBXFileReference; lastKnownFileType = sourcecode.swift; path = FeedbackView.swift; sourceTree = "<group>"; };
		3EDA3CA727E3B69000799E58 /* Mastermind SwiftUI.app */ = {isa = PBXFileReference; explicitFileType = wrapper.application; includeInIndex = 0; path = "Mastermind SwiftUI.app"; sourceTree = BUILT_PRODUCTS_DIR; };
		3EDA3CAA27E3B69000799E58 /* Mastermind.swift */ = {isa = PBXFileReference; lastKnownFileType = sourcecode.swift; path = Mastermind.swift; sourceTree = "<group>"; };
		3EDA3CAC27E3B69000799E58 /* GameView.swift */ = {isa = PBXFileReference; lastKnownFileType = sourcecode.swift; path = GameView.swift; sourceTree = "<group>"; };
		3EDA3CB127E3B69100799E58 /* Preview Assets.xcassets */ = {isa = PBXFileReference; lastKnownFileType = folder.assetcatalog; path = "Preview Assets.xcassets"; sourceTree = "<group>"; };
/* End PBXFileReference section */

/* Begin PBXFrameworksBuildPhase section */
		3EDA3CA427E3B69000799E58 /* Frameworks */ = {
			isa = PBXFrameworksBuildPhase;
			buildActionMask = 2147483647;
			files = (
			);
			runOnlyForDeploymentPostprocessing = 0;
		};
/* End PBXFrameworksBuildPhase section */

/* Begin PBXGroup section */
		3E120DC627E8C57100AE4D53 /* Models */ = {
			isa = PBXGroup;
			children = (
				3E120DC727E8C58D00AE4D53 /* Guess.swift */,
			);
			path = Models;
			sourceTree = "<group>";
		};
		3E120DCB27E8C61D00AE4D53 /* Extensions */ = {
			isa = PBXGroup;
			children = (
				3E120DCC27E8C63000AE4D53 /* Color.swift */,
			);
			path = Extensions;
			sourceTree = "<group>";
		};
		3E9BF1C127E8BF9100EB4257 /* Views */ = {
			isa = PBXGroup;
			children = (
				3EDA3CAC27E3B69000799E58 /* GameView.swift */,
				3E9BF1C227E8C01500EB4257 /* InputView.swift */,
				3E9BF1C927E8C1FE00EB4257 /* RowView.swift */,
				3E120DD027E8CDA800AE4D53 /* GuessView.swift */,
				3ECF3AFD27E8D5840065F3DA /* FeedbackView.swift */,
			);
			path = Views;
			sourceTree = "<group>";
		};
		3E9BF1C427E8C05600EB4257 /* ViewModels */ = {
			isa = PBXGroup;
			children = (
				3E120DC427E8C55C00AE4D53 /* GameDataModel.swift */,
			);
			path = ViewModels;
			sourceTree = "<group>";
		};
		3EDA3C9E27E3B69000799E58 = {
			isa = PBXGroup;
			children = (
				3EDA3CA927E3B69000799E58 /* Mastermind SwiftUI */,
				3EDA3CA827E3B69000799E58 /* Products */,
			);
			sourceTree = "<group>";
		};
		3EDA3CA827E3B69000799E58 /* Products */ = {
			isa = PBXGroup;
			children = (
				3EDA3CA727E3B69000799E58 /* Mastermind SwiftUI.app */,
			);
			name = Products;
			sourceTree = "<group>";
		};
		3EDA3CA927E3B69000799E58 /* Mastermind SwiftUI */ = {
			isa = PBXGroup;
			children = (
				3E120DCB27E8C61D00AE4D53 /* Extensions */,
				3E120DC627E8C57100AE4D53 /* Models */,
				3E9BF1C427E8C05600EB4257 /* ViewModels */,
				3E9BF1C127E8BF9100EB4257 /* Views */,
				3E1B607F27E8299C00C4AEE7 /* Mastermind SwiftUI.entitlements */,
				3EDA3CAA27E3B69000799E58 /* Mastermind.swift */,
				3E120DCE27E8C77700AE4D53 /* Assets.xcassets */,
				3EDA3CB027E3B69100799E58 /* Preview Content */,
			);
			path = "Mastermind SwiftUI";
			sourceTree = "<group>";
		};
		3EDA3CB027E3B69100799E58 /* Preview Content */ = {
			isa = PBXGroup;
			children = (
				3EDA3CB127E3B69100799E58 /* Preview Assets.xcassets */,
			);
			path = "Preview Content";
			sourceTree = "<group>";
		};
/* End PBXGroup section */

/* Begin PBXNativeTarget section */
		3EDA3CA627E3B69000799E58 /* Mastermind SwiftUI */ = {
			isa = PBXNativeTarget;
			buildConfigurationList = 3EDA3CB527E3B69100799E58 /* Build configuration list for PBXNativeTarget "Mastermind SwiftUI" */;
			buildPhases = (
				3EDA3CA327E3B69000799E58 /* Sources */,
				3EDA3CA427E3B69000799E58 /* Frameworks */,
				3EDA3CA527E3B69000799E58 /* Resources */,
			);
			buildRules = (
			);
			dependencies = (
			);
			name = "Mastermind SwiftUI";
			productName = "Mastermind SwiftUI";
			productReference = 3EDA3CA727E3B69000799E58 /* Mastermind SwiftUI.app */;
			productType = "com.apple.product-type.application";
		};
/* End PBXNativeTarget section */

/* Begin PBXProject section */
		3EDA3C9F27E3B69000799E58 /* Project object */ = {
			isa = PBXProject;
			attributes = {
				BuildIndependentTargetsInParallel = 1;
				LastSwiftUpdateCheck = 1320;
				LastUpgradeCheck = 1320;
				TargetAttributes = {
					3EDA3CA627E3B69000799E58 = {
						CreatedOnToolsVersion = 13.2.1;
					};
				};
			};
			buildConfigurationList = 3EDA3CA227E3B69000799E58 /* Build configuration list for PBXProject "Mastermind SwiftUI" */;
			compatibilityVersion = "Xcode 13.0";
			developmentRegion = en;
			hasScannedForEncodings = 0;
			knownRegions = (
				en,
				Base,
			);
			mainGroup = 3EDA3C9E27E3B69000799E58;
			productRefGroup = 3EDA3CA827E3B69000799E58 /* Products */;
			projectDirPath = "";
			projectRoot = "";
			targets = (
				3EDA3CA627E3B69000799E58 /* Mastermind SwiftUI */,
			);
		};
/* End PBXProject section */

/* Begin PBXResourcesBuildPhase section */
		3EDA3CA527E3B69000799E58 /* Resources */ = {
			isa = PBXResourcesBuildPhase;
			buildActionMask = 2147483647;
			files = (
				3EDA3CB227E3B69100799E58 /* Preview Assets.xcassets in Resources */,
				3E120DCF27E8C77700AE4D53 /* Assets.xcassets in Resources */,
			);
			runOnlyForDeploymentPostprocessing = 0;
		};
/* End PBXResourcesBuildPhase section */

/* Begin PBXSourcesBuildPhase section */
		3EDA3CA327E3B69000799E58 /* Sources */ = {
			isa = PBXSourcesBuildPhase;
			buildActionMask = 2147483647;
			files = (
				3E9BF1CA27E8C1FE00EB4257 /* RowView.swift in Sources */,
				3ECF3AFE27E8D5840065F3DA /* FeedbackView.swift in Sources */,
				3E120DC527E8C55C00AE4D53 /* GameDataModel.swift in Sources */,
				3E9BF1C327E8C01500EB4257 /* InputView.swift in Sources */,
				3E120DC827E8C58D00AE4D53 /* Guess.swift in Sources */,
				3E120DD127E8CDA800AE4D53 /* GuessView.swift in Sources */,
				3EDA3CAD27E3B69000799E58 /* GameView.swift in Sources */,
				3EDA3CAB27E3B69000799E58 /* Mastermind.swift in Sources */,
				3E120DCD27E8C63000AE4D53 /* Color.swift in Sources */,
			);
			runOnlyForDeploymentPostprocessing = 0;
		};
/* End PBXSourcesBuildPhase section */

/* Begin XCBuildConfiguration section */
		3EDA3CB327E3B69100799E58 /* Debug */ = {
			isa = XCBuildConfiguration;
			buildSettings = {
				ALWAYS_SEARCH_USER_PATHS = NO;
				CLANG_ANALYZER_NONNULL = YES;
				CLANG_ANALYZER_NUMBER_OBJECT_CONVERSION = YES_AGGRESSIVE;
				CLANG_CXX_LANGUAGE_STANDARD = "gnu++17";
				CLANG_CXX_LIBRARY = "libc++";
				CLANG_ENABLE_MODULES = YES;
				CLANG_ENABLE_OBJC_ARC = YES;
				CLANG_ENABLE_OBJC_WEAK = YES;
				CLANG_WARN_BLOCK_CAPTURE_AUTORELEASING = YES;
				CLANG_WARN_BOOL_CONVERSION = YES;
				CLANG_WARN_COMMA = YES;
				CLANG_WARN_CONSTANT_CONVERSION = YES;
				CLANG_WARN_DEPRECATED_OBJC_IMPLEMENTATIONS = YES;
				CLANG_WARN_DIRECT_OBJC_ISA_USAGE = YES_ERROR;
				CLANG_WARN_DOCUMENTATION_COMMENTS = YES;
				CLANG_WARN_EMPTY_BODY = YES;
				CLANG_WARN_ENUM_CONVERSION = YES;
				CLANG_WARN_INFINITE_RECURSION = YES;
				CLANG_WARN_INT_CONVERSION = YES;
				CLANG_WARN_NON_LITERAL_NULL_CONVERSION = YES;
				CLANG_WARN_OBJC_IMPLICIT_RETAIN_SELF = YES;
				CLANG_WARN_OBJC_LITERAL_CONVERSION = YES;
				CLANG_WARN_OBJC_ROOT_CLASS = YES_ERROR;
				CLANG_WARN_QUOTED_INCLUDE_IN_FRAMEWORK_HEADER = YES;
				CLANG_WARN_RANGE_LOOP_ANALYSIS = YES;
				CLANG_WARN_STRICT_PROTOTYPES = YES;
				CLANG_WARN_SUSPICIOUS_MOVE = YES;
				CLANG_WARN_UNGUARDED_AVAILABILITY = YES_AGGRESSIVE;
				CLANG_WARN_UNREACHABLE_CODE = YES;
				CLANG_WARN__DUPLICATE_METHOD_MATCH = YES;
				COPY_PHASE_STRIP = NO;
				DEBUG_INFORMATION_FORMAT = dwarf;
				ENABLE_STRICT_OBJC_MSGSEND = YES;
				ENABLE_TESTABILITY = YES;
				GCC_C_LANGUAGE_STANDARD = gnu11;
				GCC_DYNAMIC_NO_PIC = NO;
				GCC_NO_COMMON_BLOCKS = YES;
				GCC_OPTIMIZATION_LEVEL = 0;
				GCC_PREPROCESSOR_DEFINITIONS = (
					"DEBUG=1",
					"$(inherited)",
				);
				GCC_WARN_64_TO_32_BIT_CONVERSION = YES;
				GCC_WARN_ABOUT_RETURN_TYPE = YES_ERROR;
				GCC_WARN_UNDECLARED_SELECTOR = YES;
				GCC_WARN_UNINITIALIZED_AUTOS = YES_AGGRESSIVE;
				GCC_WARN_UNUSED_FUNCTION = YES;
				GCC_WARN_UNUSED_VARIABLE = YES;
				IPHONEOS_DEPLOYMENT_TARGET = 14.0;
				MTL_ENABLE_DEBUG_INFO = INCLUDE_SOURCE;
				MTL_FAST_MATH = YES;
				ONLY_ACTIVE_ARCH = YES;
				SDKROOT = iphoneos;
				SWIFT_ACTIVE_COMPILATION_CONDITIONS = DEBUG;
				SWIFT_OPTIMIZATION_LEVEL = "-Onone";
			};
			name = Debug;
		};
		3EDA3CB427E3B69100799E58 /* Release */ = {
			isa = XCBuildConfiguration;
			buildSettings = {
				ALWAYS_SEARCH_USER_PATHS = NO;
				CLANG_ANALYZER_NONNULL = YES;
				CLANG_ANALYZER_NUMBER_OBJECT_CONVERSION = YES_AGGRESSIVE;
				CLANG_CXX_LANGUAGE_STANDARD = "gnu++17";
				CLANG_CXX_LIBRARY = "libc++";
				CLANG_ENABLE_MODULES = YES;
				CLANG_ENABLE_OBJC_ARC = YES;
				CLANG_ENABLE_OBJC_WEAK = YES;
				CLANG_WARN_BLOCK_CAPTURE_AUTORELEASING = YES;
				CLANG_WARN_BOOL_CONVERSION = YES;
				CLANG_WARN_COMMA = YES;
				CLANG_WARN_CONSTANT_CONVERSION = YES;
				CLANG_WARN_DEPRECATED_OBJC_IMPLEMENTATIONS = YES;
				CLANG_WARN_DIRECT_OBJC_ISA_USAGE = YES_ERROR;
				CLANG_WARN_DOCUMENTATION_COMMENTS = YES;
				CLANG_WARN_EMPTY_BODY = YES;
				CLANG_WARN_ENUM_CONVERSION = YES;
				CLANG_WARN_INFINITE_RECURSION = YES;
				CLANG_WARN_INT_CONVERSION = YES;
				CLANG_WARN_NON_LITERAL_NULL_CONVERSION = YES;
				CLANG_WARN_OBJC_IMPLICIT_RETAIN_SELF = YES;
				CLANG_WARN_OBJC_LITERAL_CONVERSION = YES;
				CLANG_WARN_OBJC_ROOT_CLASS = YES_ERROR;
				CLANG_WARN_QUOTED_INCLUDE_IN_FRAMEWORK_HEADER = YES;
				CLANG_WARN_RANGE_LOOP_ANALYSIS = YES;
				CLANG_WARN_STRICT_PROTOTYPES = YES;
				CLANG_WARN_SUSPICIOUS_MOVE = YES;
				CLANG_WARN_UNGUARDED_AVAILABILITY = YES_AGGRESSIVE;
				CLANG_WARN_UNREACHABLE_CODE = YES;
				CLANG_WARN__DUPLICATE_METHOD_MATCH = YES;
				COPY_PHASE_STRIP = NO;
				DEBUG_INFORMATION_FORMAT = "dwarf-with-dsym";
				ENABLE_NS_ASSERTIONS = NO;
				ENABLE_STRICT_OBJC_MSGSEND = YES;
				GCC_C_LANGUAGE_STANDARD = gnu11;
				GCC_NO_COMMON_BLOCKS = YES;
				GCC_WARN_64_TO_32_BIT_CONVERSION = YES;
				GCC_WARN_ABOUT_RETURN_TYPE = YES_ERROR;
				GCC_WARN_UNDECLARED_SELECTOR = YES;
				GCC_WARN_UNINITIALIZED_AUTOS = YES_AGGRESSIVE;
				GCC_WARN_UNUSED_FUNCTION = YES;
				GCC_WARN_UNUSED_VARIABLE = YES;
				IPHONEOS_DEPLOYMENT_TARGET = 14.0;
				MTL_ENABLE_DEBUG_INFO = NO;
				MTL_FAST_MATH = YES;
				SDKROOT = iphoneos;
				SWIFT_COMPILATION_MODE = wholemodule;
				SWIFT_OPTIMIZATION_LEVEL = "-O";
				VALIDATE_PRODUCT = YES;
			};
			name = Release;
		};
		3EDA3CB627E3B69100799E58 /* Debug */ = {
			isa = XCBuildConfiguration;
			buildSettings = {
				ASSETCATALOG_COMPILER_APPICON_NAME = AppIcon;
				ASSETCATALOG_COMPILER_GLOBAL_ACCENT_COLOR_NAME = AccentColor;
				CODE_SIGN_ENTITLEMENTS = "Mastermind SwiftUI/Mastermind SwiftUI.entitlements";
				CODE_SIGN_STYLE = Automatic;
				CURRENT_PROJECT_VERSION = 1;
				DEVELOPMENT_ASSET_PATHS = "\"Mastermind SwiftUI/Preview Content\"";
				DEVELOPMENT_TEAM = 54HS5MM6W8;
				ENABLE_PREVIEWS = YES;
				GENERATE_INFOPLIST_FILE = YES;
				INFOPLIST_KEY_LSApplicationCategoryType = "public.app-category.board-games";
				INFOPLIST_KEY_UIApplicationSceneManifest_Generation = YES;
				INFOPLIST_KEY_UIApplicationSupportsIndirectInputEvents = YES;
				INFOPLIST_KEY_UILaunchScreen_Generation = YES;
				INFOPLIST_KEY_UISupportedInterfaceOrientations_iPad = "UIInterfaceOrientationPortrait UIInterfaceOrientationPortraitUpsideDown UIInterfaceOrientationLandscapeLeft UIInterfaceOrientationLandscapeRight";
				INFOPLIST_KEY_UISupportedInterfaceOrientations_iPhone = "UIInterfaceOrientationPortrait UIInterfaceOrientationLandscapeLeft UIInterfaceOrientationLandscapeRight";
				IPHONEOS_DEPLOYMENT_TARGET = 14.0;
				LD_RUNPATH_SEARCH_PATHS = (
					"$(inherited)",
					"@executable_path/Frameworks",
				);
				MARKETING_VERSION = 1.0;
				PRODUCT_BUNDLE_IDENTIFIER = "me.snyder.tamara.Mastermind-SwiftUI";
				PRODUCT_NAME = "$(TARGET_NAME)";
				SUPPORTS_MACCATALYST = NO;
				SUPPORTS_MAC_DESIGNED_FOR_IPHONE_IPAD = NO;
				SWIFT_EMIT_LOC_STRINGS = YES;
				SWIFT_VERSION = 5.0;
				TARGETED_DEVICE_FAMILY = "1,2";
			};
			name = Debug;
		};
		3EDA3CB727E3B69100799E58 /* Release */ = {
			isa = XCBuildConfiguration;
			buildSettings = {
				ASSETCATALOG_COMPILER_APPICON_NAME = AppIcon;
				ASSETCATALOG_COMPILER_GLOBAL_ACCENT_COLOR_NAME = AccentColor;
				CODE_SIGN_ENTITLEMENTS = "Mastermind SwiftUI/Mastermind SwiftUI.entitlements";
				CODE_SIGN_STYLE = Automatic;
				CURRENT_PROJECT_VERSION = 1;
				DEVELOPMENT_ASSET_PATHS = "\"Mastermind SwiftUI/Preview Content\"";
				DEVELOPMENT_TEAM = 54HS5MM6W8;
				ENABLE_PREVIEWS = YES;
				GENERATE_INFOPLIST_FILE = YES;
				INFOPLIST_KEY_LSApplicationCategoryType = "public.app-category.board-games";
				INFOPLIST_KEY_UIApplicationSceneManifest_Generation = YES;
				INFOPLIST_KEY_UIApplicationSupportsIndirectInputEvents = YES;
				INFOPLIST_KEY_UILaunchScreen_Generation = YES;
				INFOPLIST_KEY_UISupportedInterfaceOrientations_iPad = "UIInterfaceOrientationPortrait UIInterfaceOrientationPortraitUpsideDown UIInterfaceOrientationLandscapeLeft UIInterfaceOrientationLandscapeRight";
				INFOPLIST_KEY_UISupportedInterfaceOrientations_iPhone = "UIInterfaceOrientationPortrait UIInterfaceOrientationLandscapeLeft UIInterfaceOrientationLandscapeRight";
				IPHONEOS_DEPLOYMENT_TARGET = 14.0;
				LD_RUNPATH_SEARCH_PATHS = (
					"$(inherited)",
					"@executable_path/Frameworks",
				);
				MARKETING_VERSION = 1.0;
				PRODUCT_BUNDLE_IDENTIFIER = "me.snyder.tamara.Mastermind-SwiftUI";
				PRODUCT_NAME = "$(TARGET_NAME)";
				SUPPORTS_MACCATALYST = NO;
				SUPPORTS_MAC_DESIGNED_FOR_IPHONE_IPAD = NO;
				SWIFT_EMIT_LOC_STRINGS = YES;
				SWIFT_VERSION = 5.0;
				TARGETED_DEVICE_FAMILY = "1,2";
			};
			name = Release;
		};
/* End XCBuildConfiguration section */

/* Begin XCConfigurationList section */
		3EDA3CA227E3B69000799E58 /* Build configuration list for PBXProject "Mastermind SwiftUI" */ = {
			isa = XCConfigurationList;
			buildConfigurations = (
				3EDA3CB327E3B69100799E58 /* Debug */,
				3EDA3CB427E3B69100799E58 /* Release */,
			);
			defaultConfigurationIsVisible = 0;
			defaultConfigurationName = Release;
		};
		3EDA3CB527E3B69100799E58 /* Build configuration list for PBXNativeTarget "Mastermind SwiftUI" */ = {
			isa = XCConfigurationList;
			buildConfigurations = (
				3EDA3CB627E3B69100799E58 /* Debug */,
				3EDA3CB727E3B69100799E58 /* Release */,
			);
			defaultConfigurationIsVisible = 0;
			defaultConfigurationName = Release;
		};
/* End XCConfigurationList section */
	};
	rootObject = 3EDA3C9F27E3B69000799E58 /* Project object */;
}
